// !$*UTF8*$!
{
	archiveVersion = 1;
	classes = {
	};
	objectVersion = 55;
	objects = {

/* Begin PBXBuildFile section */
		0F6CD7F12811A39C00929319 /* AppDelegate.swift in Sources */ = {isa = PBXBuildFile; fileRef = 0F6CD7F02811A39C00929319 /* AppDelegate.swift */; };
		0F6CD7F32811A39C00929319 /* SceneDelegate.swift in Sources */ = {isa = PBXBuildFile; fileRef = 0F6CD7F22811A39C00929319 /* SceneDelegate.swift */; };
		0F6CD7F52811A39C00929319 /* ViewController.swift in Sources */ = {isa = PBXBuildFile; fileRef = 0F6CD7F42811A39C00929319 /* ViewController.swift */; };
		0F6CD7F82811A39C00929319 /* Main.storyboard in Resources */ = {isa = PBXBuildFile; fileRef = 0F6CD7F62811A39C00929319 /* Main.storyboard */; };
		0F6CD7FA2811A39D00929319 /* Assets.xcassets in Resources */ = {isa = PBXBuildFile; fileRef = 0F6CD7F92811A39D00929319 /* Assets.xcassets */; };
		0F6CD7FD2811A39D00929319 /* LaunchScreen.storyboard in Resources */ = {isa = PBXBuildFile; fileRef = 0F6CD7FB2811A39D00929319 /* LaunchScreen.storyboard */; };
		0F6CD8082811A39D00929319 /* MyGeekBrainStoreTests.swift in Sources */ = {isa = PBXBuildFile; fileRef = 0F6CD8072811A39D00929319 /* MyGeekBrainStoreTests.swift */; };
		0F6CD8122811A39D00929319 /* MyGeekBrainStoreUITests.swift in Sources */ = {isa = PBXBuildFile; fileRef = 0F6CD8112811A39D00929319 /* MyGeekBrainStoreUITests.swift */; };
		0F6CD8142811A39D00929319 /* MyGeekBrainStoreUITestsLaunchTests.swift in Sources */ = {isa = PBXBuildFile; fileRef = 0F6CD8132811A39D00929319 /* MyGeekBrainStoreUITestsLaunchTests.swift */; };
/* End PBXBuildFile section */

/* Begin PBXContainerItemProxy section */
		0F6CD8042811A39D00929319 /* PBXContainerItemProxy */ = {
			isa = PBXContainerItemProxy;
			containerPortal = 0F6CD7E52811A39C00929319 /* Project object */;
			proxyType = 1;
			remoteGlobalIDString = 0F6CD7EC2811A39C00929319;
			remoteInfo = MyGeekBrainStore;
		};
		0F6CD80E2811A39D00929319 /* PBXContainerItemProxy */ = {
			isa = PBXContainerItemProxy;
			containerPortal = 0F6CD7E52811A39C00929319 /* Project object */;
			proxyType = 1;
			remoteGlobalIDString = 0F6CD7EC2811A39C00929319;
			remoteInfo = MyGeekBrainStore;
		};
/* End PBXContainerItemProxy section */

/* Begin PBXFileReference section */
		0F6CD7ED2811A39C00929319 /* MyGeekBrainStore.app */ = {isa = PBXFileReference; explicitFileType = wrapper.application; includeInIndex = 0; path = MyGeekBrainStore.app; sourceTree = BUILT_PRODUCTS_DIR; };
		0F6CD7F02811A39C00929319 /* AppDelegate.swift */ = {isa = PBXFileReference; lastKnownFileType = sourcecode.swift; path = AppDelegate.swift; sourceTree = "<group>"; };
		0F6CD7F22811A39C00929319 /* SceneDelegate.swift */ = {isa = PBXFileReference; lastKnownFileType = sourcecode.swift; path = SceneDelegate.swift; sourceTree = "<group>"; };
		0F6CD7F42811A39C00929319 /* ViewController.swift */ = {isa = PBXFileReference; lastKnownFileType = sourcecode.swift; path = ViewController.swift; sourceTree = "<group>"; };
		0F6CD7F72811A39C00929319 /* Base */ = {isa = PBXFileReference; lastKnownFileType = file.storyboard; name = Base; path = Base.lproj/Main.storyboard; sourceTree = "<group>"; };
		0F6CD7F92811A39D00929319 /* Assets.xcassets */ = {isa = PBXFileReference; lastKnownFileType = folder.assetcatalog; path = Assets.xcassets; sourceTree = "<group>"; };
		0F6CD7FC2811A39D00929319 /* Base */ = {isa = PBXFileReference; lastKnownFileType = file.storyboard; name = Base; path = Base.lproj/LaunchScreen.storyboard; sourceTree = "<group>"; };
		0F6CD7FE2811A39D00929319 /* Info.plist */ = {isa = PBXFileReference; lastKnownFileType = text.plist.xml; path = Info.plist; sourceTree = "<group>"; };
		0F6CD8032811A39D00929319 /* MyGeekBrainStoreTests.xctest */ = {isa = PBXFileReference; explicitFileType = wrapper.cfbundle; includeInIndex = 0; path = MyGeekBrainStoreTests.xctest; sourceTree = BUILT_PRODUCTS_DIR; };
		0F6CD8072811A39D00929319 /* MyGeekBrainStoreTests.swift */ = {isa = PBXFileReference; lastKnownFileType = sourcecode.swift; path = MyGeekBrainStoreTests.swift; sourceTree = "<group>"; };
		0F6CD80D2811A39D00929319 /* MyGeekBrainStoreUITests.xctest */ = {isa = PBXFileReference; explicitFileType = wrapper.cfbundle; includeInIndex = 0; path = MyGeekBrainStoreUITests.xctest; sourceTree = BUILT_PRODUCTS_DIR; };
		0F6CD8112811A39D00929319 /* MyGeekBrainStoreUITests.swift */ = {isa = PBXFileReference; lastKnownFileType = sourcecode.swift; path = MyGeekBrainStoreUITests.swift; sourceTree = "<group>"; };
		0F6CD8132811A39D00929319 /* MyGeekBrainStoreUITestsLaunchTests.swift */ = {isa = PBXFileReference; lastKnownFileType = sourcecode.swift; path = MyGeekBrainStoreUITestsLaunchTests.swift; sourceTree = "<group>"; };
/* End PBXFileReference section */

/* Begin PBXFrameworksBuildPhase section */
		0F6CD7EA2811A39C00929319 /* Frameworks */ = {
			isa = PBXFrameworksBuildPhase;
			buildActionMask = 2147483647;
			files = (
			);
			runOnlyForDeploymentPostprocessing = 0;
		};
		0F6CD8002811A39D00929319 /* Frameworks */ = {
			isa = PBXFrameworksBuildPhase;
			buildActionMask = 2147483647;
			files = (
			);
			runOnlyForDeploymentPostprocessing = 0;
		};
		0F6CD80A2811A39D00929319 /* Frameworks */ = {
			isa = PBXFrameworksBuildPhase;
			buildActionMask = 2147483647;
			files = (
			);
			runOnlyForDeploymentPostprocessing = 0;
		};
/* End PBXFrameworksBuildPhase section */

/* Begin PBXGroup section */
		0F6CD7E42811A39C00929319 = {
			isa = PBXGroup;
			children = (
				0F6CD7EF2811A39C00929319 /* MyGeekBrainStore */,
				0F6CD8062811A39D00929319 /* MyGeekBrainStoreTests */,
				0F6CD8102811A39D00929319 /* MyGeekBrainStoreUITests */,
				0F6CD7EE2811A39C00929319 /* Products */,
			);
			sourceTree = "<group>";
		};
		0F6CD7EE2811A39C00929319 /* Products */ = {
			isa = PBXGroup;
			children = (
				0F6CD7ED2811A39C00929319 /* MyGeekBrainStore.app */,
				0F6CD8032811A39D00929319 /* MyGeekBrainStoreTests.xctest */,
				0F6CD80D2811A39D00929319 /* MyGeekBrainStoreUITests.xctest */,
			);
			name = Products;
			sourceTree = "<group>";
		};
		0F6CD7EF2811A39C00929319 /* MyGeekBrainStore */ = {
			isa = PBXGroup;
			children = (
				0F6CD7F02811A39C00929319 /* AppDelegate.swift */,
				0F6CD7F22811A39C00929319 /* SceneDelegate.swift */,
				0F6CD7F42811A39C00929319 /* ViewController.swift */,
				0F6CD7F62811A39C00929319 /* Main.storyboard */,
				0F6CD7F92811A39D00929319 /* Assets.xcassets */,
				0F6CD7FB2811A39D00929319 /* LaunchScreen.storyboard */,
				0F6CD7FE2811A39D00929319 /* Info.plist */,
			);
			path = MyGeekBrainStore;
			sourceTree = "<group>";
		};
		0F6CD8062811A39D00929319 /* MyGeekBrainStoreTests */ = {
			isa = PBXGroup;
			children = (
				0F6CD8072811A39D00929319 /* MyGeekBrainStoreTests.swift */,
			);
			path = MyGeekBrainStoreTests;
			sourceTree = "<group>";
		};
		0F6CD8102811A39D00929319 /* MyGeekBrainStoreUITests */ = {
			isa = PBXGroup;
			children = (
				0F6CD8112811A39D00929319 /* MyGeekBrainStoreUITests.swift */,
				0F6CD8132811A39D00929319 /* MyGeekBrainStoreUITestsLaunchTests.swift */,
			);
			path = MyGeekBrainStoreUITests;
			sourceTree = "<group>";
		};
/* End PBXGroup section */

/* Begin PBXNativeTarget section */
		0F6CD7EC2811A39C00929319 /* MyGeekBrainStore */ = {
			isa = PBXNativeTarget;
			buildConfigurationList = 0F6CD8172811A39D00929319 /* Build configuration list for PBXNativeTarget "MyGeekBrainStore" */;
			buildPhases = (
				0F6CD7E92811A39C00929319 /* Sources */,
				0F6CD7EA2811A39C00929319 /* Frameworks */,
				0F6CD7EB2811A39C00929319 /* Resources */,
			);
			buildRules = (
			);
			dependencies = (
			);
			name = MyGeekBrainStore;
			productName = MyGeekBrainStore;
			productReference = 0F6CD7ED2811A39C00929319 /* MyGeekBrainStore.app */;
			productType = "com.apple.product-type.application";
		};
		0F6CD8022811A39D00929319 /* MyGeekBrainStoreTests */ = {
			isa = PBXNativeTarget;
			buildConfigurationList = 0F6CD81A2811A39D00929319 /* Build configuration list for PBXNativeTarget "MyGeekBrainStoreTests" */;
			buildPhases = (
				0F6CD7FF2811A39D00929319 /* Sources */,
				0F6CD8002811A39D00929319 /* Frameworks */,
				0F6CD8012811A39D00929319 /* Resources */,
			);
			buildRules = (
			);
			dependencies = (
				0F6CD8052811A39D00929319 /* PBXTargetDependency */,
			);
			name = MyGeekBrainStoreTests;
			productName = MyGeekBrainStoreTests;
			productReference = 0F6CD8032811A39D00929319 /* MyGeekBrainStoreTests.xctest */;
			productType = "com.apple.product-type.bundle.unit-test";
		};
		0F6CD80C2811A39D00929319 /* MyGeekBrainStoreUITests */ = {
			isa = PBXNativeTarget;
			buildConfigurationList = 0F6CD81D2811A39D00929319 /* Build configuration list for PBXNativeTarget "MyGeekBrainStoreUITests" */;
			buildPhases = (
				0F6CD8092811A39D00929319 /* Sources */,
				0F6CD80A2811A39D00929319 /* Frameworks */,
				0F6CD80B2811A39D00929319 /* Resources */,
			);
			buildRules = (
			);
			dependencies = (
				0F6CD80F2811A39D00929319 /* PBXTargetDependency */,
			);
			name = MyGeekBrainStoreUITests;
			productName = MyGeekBrainStoreUITests;
			productReference = 0F6CD80D2811A39D00929319 /* MyGeekBrainStoreUITests.xctest */;
			productType = "com.apple.product-type.bundle.ui-testing";
		};
/* End PBXNativeTarget section */

/* Begin PBXProject section */
		0F6CD7E52811A39C00929319 /* Project object */ = {
			isa = PBXProject;
			attributes = {
				BuildIndependentTargetsInParallel = 1;
				LastSwiftUpdateCheck = 1330;
				LastUpgradeCheck = 1330;
				TargetAttributes = {
					0F6CD7EC2811A39C00929319 = {
						CreatedOnToolsVersion = 13.3.1;
					};
					0F6CD8022811A39D00929319 = {
						CreatedOnToolsVersion = 13.3.1;
						TestTargetID = 0F6CD7EC2811A39C00929319;
					};
					0F6CD80C2811A39D00929319 = {
						CreatedOnToolsVersion = 13.3.1;
						TestTargetID = 0F6CD7EC2811A39C00929319;
					};
				};
			};
			buildConfigurationList = 0F6CD7E82811A39C00929319 /* Build configuration list for PBXProject "MyGeekBrainStore" */;
			compatibilityVersion = "Xcode 13.0";
			developmentRegion = en;
			hasScannedForEncodings = 0;
			knownRegions = (
				en,
				Base,
			);
			mainGroup = 0F6CD7E42811A39C00929319;
			productRefGroup = 0F6CD7EE2811A39C00929319 /* Products */;
			projectDirPath = "";
			projectRoot = "";
			targets = (
				0F6CD7EC2811A39C00929319 /* MyGeekBrainStore */,
				0F6CD8022811A39D00929319 /* MyGeekBrainStoreTests */,
				0F6CD80C2811A39D00929319 /* MyGeekBrainStoreUITests */,
			);
		};
/* End PBXProject section */

/* Begin PBXResourcesBuildPhase section */
		0F6CD7EB2811A39C00929319 /* Resources */ = {
			isa = PBXResourcesBuildPhase;
			buildActionMask = 2147483647;
			files = (
				0F6CD7FD2811A39D00929319 /* LaunchScreen.storyboard in Resources */,
				0F6CD7FA2811A39D00929319 /* Assets.xcassets in Resources */,
				0F6CD7F82811A39C00929319 /* Main.storyboard in Resources */,
			);
			runOnlyForDeploymentPostprocessing = 0;
		};
		0F6CD8012811A39D00929319 /* Resources */ = {
			isa = PBXResourcesBuildPhase;
			buildActionMask = 2147483647;
			files = (
			);
			runOnlyForDeploymentPostprocessing = 0;
		};
		0F6CD80B2811A39D00929319 /* Resources */ = {
			isa = PBXResourcesBuildPhase;
			buildActionMask = 2147483647;
			files = (
			);
			runOnlyForDeploymentPostprocessing = 0;
		};
/* End PBXResourcesBuildPhase section */

/* Begin PBXSourcesBuildPhase section */
		0F6CD7E92811A39C00929319 /* Sources */ = {
			isa = PBXSourcesBuildPhase;
			buildActionMask = 2147483647;
			files = (
				0F6CD7F52811A39C00929319 /* ViewController.swift in Sources */,
				0F6CD7F12811A39C00929319 /* AppDelegate.swift in Sources */,
				0F6CD7F32811A39C00929319 /* SceneDelegate.swift in Sources */,
			);
			runOnlyForDeploymentPostprocessing = 0;
		};
		0F6CD7FF2811A39D00929319 /* Sources */ = {
			isa = PBXSourcesBuildPhase;
			buildActionMask = 2147483647;
			files = (
				0F6CD8082811A39D00929319 /* MyGeekBrainStoreTests.swift in Sources */,
			);
			runOnlyForDeploymentPostprocessing = 0;
		};
		0F6CD8092811A39D00929319 /* Sources */ = {
			isa = PBXSourcesBuildPhase;
			buildActionMask = 2147483647;
			files = (
				0F6CD8122811A39D00929319 /* MyGeekBrainStoreUITests.swift in Sources */,
				0F6CD8142811A39D00929319 /* MyGeekBrainStoreUITestsLaunchTests.swift in Sources */,
			);
			runOnlyForDeploymentPostprocessing = 0;
		};
/* End PBXSourcesBuildPhase section */

/* Begin PBXTargetDependency section */
		0F6CD8052811A39D00929319 /* PBXTargetDependency */ = {
			isa = PBXTargetDependency;
			target = 0F6CD7EC2811A39C00929319 /* MyGeekBrainStore */;
			targetProxy = 0F6CD8042811A39D00929319 /* PBXContainerItemProxy */;
		};
		0F6CD80F2811A39D00929319 /* PBXTargetDependency */ = {
			isa = PBXTargetDependency;
			target = 0F6CD7EC2811A39C00929319 /* MyGeekBrainStore */;
			targetProxy = 0F6CD80E2811A39D00929319 /* PBXContainerItemProxy */;
		};
/* End PBXTargetDependency section */

/* Begin PBXVariantGroup section */
		0F6CD7F62811A39C00929319 /* Main.storyboard */ = {
			isa = PBXVariantGroup;
			children = (
				0F6CD7F72811A39C00929319 /* Base */,
			);
			name = Main.storyboard;
			sourceTree = "<group>";
		};
		0F6CD7FB2811A39D00929319 /* LaunchScreen.storyboard */ = {
			isa = PBXVariantGroup;
			children = (
				0F6CD7FC2811A39D00929319 /* Base */,
			);
			name = LaunchScreen.storyboard;
			sourceTree = "<group>";
		};
/* End PBXVariantGroup section */

/* Begin XCBuildConfiguration section */
		0F6CD8152811A39D00929319 /* Debug */ = {
			isa = XCBuildConfiguration;
			buildSettings = {
				ALWAYS_SEARCH_USER_PATHS = NO;
				CLANG_ANALYZER_NONNULL = YES;
				CLANG_ANALYZER_NUMBER_OBJECT_CONVERSION = YES_AGGRESSIVE;
				CLANG_CXX_LANGUAGE_STANDARD = "gnu++17";
				CLANG_ENABLE_MODULES = YES;
				CLANG_ENABLE_OBJC_ARC = YES;
				CLANG_ENABLE_OBJC_WEAK = YES;
				CLANG_WARN_BLOCK_CAPTURE_AUTORELEASING = YES;
				CLANG_WARN_BOOL_CONVERSION = YES;
				CLANG_WARN_COMMA = YES;
				CLANG_WARN_CONSTANT_CONVERSION = YES;
				CLANG_WARN_DEPRECATED_OBJC_IMPLEMENTATIONS = YES;
				CLANG_WARN_DIRECT_OBJC_ISA_USAGE = YES_ERROR;
				CLANG_WARN_DOCUMENTATION_COMMENTS = YES;
				CLANG_WARN_EMPTY_BODY = YES;
				CLANG_WARN_ENUM_CONVERSION = YES;
				CLANG_WARN_INFINITE_RECURSION = YES;
				CLANG_WARN_INT_CONVERSION = YES;
				CLANG_WARN_NON_LITERAL_NULL_CONVERSION = YES;
				CLANG_WARN_OBJC_IMPLICIT_RETAIN_SELF = YES;
				CLANG_WARN_OBJC_LITERAL_CONVERSION = YES;
				CLANG_WARN_OBJC_ROOT_CLASS = YES_ERROR;
				CLANG_WARN_QUOTED_INCLUDE_IN_FRAMEWORK_HEADER = YES;
				CLANG_WARN_RANGE_LOOP_ANALYSIS = YES;
				CLANG_WARN_STRICT_PROTOTYPES = YES;
				CLANG_WARN_SUSPICIOUS_MOVE = YES;
				CLANG_WARN_UNGUARDED_AVAILABILITY = YES_AGGRESSIVE;
				CLANG_WARN_UNREACHABLE_CODE = YES;
				CLANG_WARN__DUPLICATE_METHOD_MATCH = YES;
				COPY_PHASE_STRIP = NO;
				DEBUG_INFORMATION_FORMAT = dwarf;
				ENABLE_STRICT_OBJC_MSGSEND = YES;
				ENABLE_TESTABILITY = YES;
				GCC_C_LANGUAGE_STANDARD = gnu11;
				GCC_DYNAMIC_NO_PIC = NO;
				GCC_NO_COMMON_BLOCKS = YES;
				GCC_OPTIMIZATION_LEVEL = 0;
				GCC_PREPROCESSOR_DEFINITIONS = (
					"DEBUG=1",
					"$(inherited)",
				);
				GCC_WARN_64_TO_32_BIT_CONVERSION = YES;
				GCC_WARN_ABOUT_RETURN_TYPE = YES_ERROR;
				GCC_WARN_UNDECLARED_SELECTOR = YES;
				GCC_WARN_UNINITIALIZED_AUTOS = YES_AGGRESSIVE;
				GCC_WARN_UNUSED_FUNCTION = YES;
				GCC_WARN_UNUSED_VARIABLE = YES;
				IPHONEOS_DEPLOYMENT_TARGET = 15.4;
				MTL_ENABLE_DEBUG_INFO = INCLUDE_SOURCE;
				MTL_FAST_MATH = YES;
				ONLY_ACTIVE_ARCH = YES;
				SDKROOT = iphoneos;
				SWIFT_ACTIVE_COMPILATION_CONDITIONS = DEBUG;
				SWIFT_OPTIMIZATION_LEVEL = "-Onone";
			};
			name = Debug;
		};
		0F6CD8162811A39D00929319 /* Release */ = {
			isa = XCBuildConfiguration;
			buildSettings = {
				ALWAYS_SEARCH_USER_PATHS = NO;
				CLANG_ANALYZER_NONNULL = YES;
				CLANG_ANALYZER_NUMBER_OBJECT_CONVERSION = YES_AGGRESSIVE;
				CLANG_CXX_LANGUAGE_STANDARD = "gnu++17";
				CLANG_ENABLE_MODULES = YES;
				CLANG_ENABLE_OBJC_ARC = YES;
				CLANG_ENABLE_OBJC_WEAK = YES;
				CLANG_WARN_BLOCK_CAPTURE_AUTORELEASING = YES;
				CLANG_WARN_BOOL_CONVERSION = YES;
				CLANG_WARN_COMMA = YES;
				CLANG_WARN_CONSTANT_CONVERSION = YES;
				CLANG_WARN_DEPRECATED_OBJC_IMPLEMENTATIONS = YES;
				CLANG_WARN_DIRECT_OBJC_ISA_USAGE = YES_ERROR;
				CLANG_WARN_DOCUMENTATION_COMMENTS = YES;
				CLANG_WARN_EMPTY_BODY = YES;
				CLANG_WARN_ENUM_CONVERSION = YES;
				CLANG_WARN_INFINITE_RECURSION = YES;
				CLANG_WARN_INT_CONVERSION = YES;
				CLANG_WARN_NON_LITERAL_NULL_CONVERSION = YES;
				CLANG_WARN_OBJC_IMPLICIT_RETAIN_SELF = YES;
				CLANG_WARN_OBJC_LITERAL_CONVERSION = YES;
				CLANG_WARN_OBJC_ROOT_CLASS = YES_ERROR;
				CLANG_WARN_QUOTED_INCLUDE_IN_FRAMEWORK_HEADER = YES;
				CLANG_WARN_RANGE_LOOP_ANALYSIS = YES;
				CLANG_WARN_STRICT_PROTOTYPES = YES;
				CLANG_WARN_SUSPICIOUS_MOVE = YES;
				CLANG_WARN_UNGUARDED_AVAILABILITY = YES_AGGRESSIVE;
				CLANG_WARN_UNREACHABLE_CODE = YES;
				CLANG_WARN__DUPLICATE_METHOD_MATCH = YES;
				COPY_PHASE_STRIP = NO;
				DEBUG_INFORMATION_FORMAT = "dwarf-with-dsym";
				ENABLE_NS_ASSERTIONS = NO;
				ENABLE_STRICT_OBJC_MSGSEND = YES;
				GCC_C_LANGUAGE_STANDARD = gnu11;
				GCC_NO_COMMON_BLOCKS = YES;
				GCC_WARN_64_TO_32_BIT_CONVERSION = YES;
				GCC_WARN_ABOUT_RETURN_TYPE = YES_ERROR;
				GCC_WARN_UNDECLARED_SELECTOR = YES;
				GCC_WARN_UNINITIALIZED_AUTOS = YES_AGGRESSIVE;
				GCC_WARN_UNUSED_FUNCTION = YES;
				GCC_WARN_UNUSED_VARIABLE = YES;
				IPHONEOS_DEPLOYMENT_TARGET = 15.4;
				MTL_ENABLE_DEBUG_INFO = NO;
				MTL_FAST_MATH = YES;
				SDKROOT = iphoneos;
				SWIFT_COMPILATION_MODE = wholemodule;
				SWIFT_OPTIMIZATION_LEVEL = "-O";
				VALIDATE_PRODUCT = YES;
			};
			name = Release;
		};
		0F6CD8182811A39D00929319 /* Debug */ = {
			isa = XCBuildConfiguration;
			buildSettings = {
				ASSETCATALOG_COMPILER_APPICON_NAME = AppIcon;
				ASSETCATALOG_COMPILER_GLOBAL_ACCENT_COLOR_NAME = AccentColor;
				CODE_SIGN_STYLE = Automatic;
				CURRENT_PROJECT_VERSION = 1;
				DEVELOPMENT_TEAM = SK7334S258;
				GENERATE_INFOPLIST_FILE = YES;
				INFOPLIST_FILE = MyGeekBrainStore/Info.plist;
				INFOPLIST_KEY_UIApplicationSupportsIndirectInputEvents = YES;
				INFOPLIST_KEY_UILaunchStoryboardName = LaunchScreen;
				INFOPLIST_KEY_UIMainStoryboardFile = Main;
				INFOPLIST_KEY_UISupportedInterfaceOrientations_iPad = "UIInterfaceOrientationPortrait UIInterfaceOrientationPortraitUpsideDown UIInterfaceOrientationLandscapeLeft UIInterfaceOrientationLandscapeRight";
				INFOPLIST_KEY_UISupportedInterfaceOrientations_iPhone = "UIInterfaceOrientationPortrait UIInterfaceOrientationLandscapeLeft UIInterfaceOrientationLandscapeRight";
				LD_RUNPATH_SEARCH_PATHS = (
					"$(inherited)",
					"@executable_path/Frameworks",
				);
				MARKETING_VERSION = 1.0;
				PRODUCT_BUNDLE_IDENTIFIER = Zasenko.MyGeekBrainStore;
				PRODUCT_NAME = "$(TARGET_NAME)";
				SWIFT_EMIT_LOC_STRINGS = YES;
				SWIFT_VERSION = 5.0;
				TARGETED_DEVICE_FAMILY = "1,2";
			};
			name = Debug;
		};
		0F6CD8192811A39D00929319 /* Release */ = {
			isa = XCBuildConfiguration;
			buildSettings = {
				ASSETCATALOG_COMPILER_APPICON_NAME = AppIcon;
				ASSETCATALOG_COMPILER_GLOBAL_ACCENT_COLOR_NAME = AccentColor;
				CODE_SIGN_STYLE = Automatic;
				CURRENT_PROJECT_VERSION = 1;
				DEVELOPMENT_TEAM = SK7334S258;
				GENERATE_INFOPLIST_FILE = YES;
				INFOPLIST_FILE = MyGeekBrainStore/Info.plist;
				INFOPLIST_KEY_UIApplicationSupportsIndirectInputEvents = YES;
				INFOPLIST_KEY_UILaunchStoryboardName = LaunchScreen;
				INFOPLIST_KEY_UIMainStoryboardFile = Main;
				INFOPLIST_KEY_UISupportedInterfaceOrientations_iPad = "UIInterfaceOrientationPortrait UIInterfaceOrientationPortraitUpsideDown UIInterfaceOrientationLandscapeLeft UIInterfaceOrientationLandscapeRight";
				INFOPLIST_KEY_UISupportedInterfaceOrientations_iPhone = "UIInterfaceOrientationPortrait UIInterfaceOrientationLandscapeLeft UIInterfaceOrientationLandscapeRight";
				LD_RUNPATH_SEARCH_PATHS = (
					"$(inherited)",
					"@executable_path/Frameworks",
				);
				MARKETING_VERSION = 1.0;
				PRODUCT_BUNDLE_IDENTIFIER = Zasenko.MyGeekBrainStore;
				PRODUCT_NAME = "$(TARGET_NAME)";
				SWIFT_EMIT_LOC_STRINGS = YES;
				SWIFT_VERSION = 5.0;
				TARGETED_DEVICE_FAMILY = "1,2";
			};
			name = Release;
		};
		0F6CD81B2811A39D00929319 /* Debug */ = {
			isa = XCBuildConfiguration;
			buildSettings = {
				ALWAYS_EMBED_SWIFT_STANDARD_LIBRARIES = YES;
				BUNDLE_LOADER = "$(TEST_HOST)";
				CODE_SIGN_STYLE = Automatic;
				CURRENT_PROJECT_VERSION = 1;
				DEVELOPMENT_TEAM = SK7334S258;
				GENERATE_INFOPLIST_FILE = YES;
				IPHONEOS_DEPLOYMENT_TARGET = 15.4;
				MARKETING_VERSION = 1.0;
				PRODUCT_BUNDLE_IDENTIFIER = Zasenko.MyGeekBrainStoreTests;
				PRODUCT_NAME = "$(TARGET_NAME)";
				SWIFT_EMIT_LOC_STRINGS = NO;
				SWIFT_VERSION = 5.0;
				TARGETED_DEVICE_FAMILY = "1,2";
				TEST_HOST = "$(BUILT_PRODUCTS_DIR)/MyGeekBrainStore.app/MyGeekBrainStore";
			};
			name = Debug;
		};
		0F6CD81C2811A39D00929319 /* Release */ = {
			isa = XCBuildConfiguration;
			buildSettings = {
				ALWAYS_EMBED_SWIFT_STANDARD_LIBRARIES = YES;
				BUNDLE_LOADER = "$(TEST_HOST)";
				CODE_SIGN_STYLE = Automatic;
				CURRENT_PROJECT_VERSION = 1;
				DEVELOPMENT_TEAM = SK7334S258;
				GENERATE_INFOPLIST_FILE = YES;
				IPHONEOS_DEPLOYMENT_TARGET = 15.4;
				MARKETING_VERSION = 1.0;
				PRODUCT_BUNDLE_IDENTIFIER = Zasenko.MyGeekBrainStoreTests;
				PRODUCT_NAME = "$(TARGET_NAME)";
				SWIFT_EMIT_LOC_STRINGS = NO;
				SWIFT_VERSION = 5.0;
				TARGETED_DEVICE_FAMILY = "1,2";
				TEST_HOST = "$(BUILT_PRODUCTS_DIR)/MyGeekBrainStore.app/MyGeekBrainStore";
			};
			name = Release;
		};
		0F6CD81E2811A39D00929319 /* Debug */ = {
			isa = XCBuildConfiguration;
			buildSettings = {
				ALWAYS_EMBED_SWIFT_STANDARD_LIBRARIES = YES;
				CODE_SIGN_STYLE = Automatic;
				CURRENT_PROJECT_VERSION = 1;
				DEVELOPMENT_TEAM = SK7334S258;
				GENERATE_INFOPLIST_FILE = YES;
				MARKETING_VERSION = 1.0;
				PRODUCT_BUNDLE_IDENTIFIER = Zasenko.MyGeekBrainStoreUITests;
				PRODUCT_NAME = "$(TARGET_NAME)";
				SWIFT_EMIT_LOC_STRINGS = NO;
				SWIFT_VERSION = 5.0;
				TARGETED_DEVICE_FAMILY = "1,2";
				TEST_TARGET_NAME = MyGeekBrainStore;
			};
			name = Debug;
		};
		0F6CD81F2811A39D00929319 /* Release */ = {
			isa = XCBuildConfiguration;
			buildSettings = {
				ALWAYS_EMBED_SWIFT_STANDARD_LIBRARIES = YES;
				CODE_SIGN_STYLE = Automatic;
				CURRENT_PROJECT_VERSION = 1;
				DEVELOPMENT_TEAM = SK7334S258;
				GENERATE_INFOPLIST_FILE = YES;
				MARKETING_VERSION = 1.0;
				PRODUCT_BUNDLE_IDENTIFIER = Zasenko.MyGeekBrainStoreUITests;
				PRODUCT_NAME = "$(TARGET_NAME)";
				SWIFT_EMIT_LOC_STRINGS = NO;
				SWIFT_VERSION = 5.0;
				TARGETED_DEVICE_FAMILY = "1,2";
				TEST_TARGET_NAME = MyGeekBrainStore;
			};
			name = Release;
		};
/* End XCBuildConfiguration section */

/* Begin XCConfigurationList section */
		0F6CD7E82811A39C00929319 /* Build configuration list for PBXProject "MyGeekBrainStore" */ = {
			isa = XCConfigurationList;
			buildConfigurations = (
				0F6CD8152811A39D00929319 /* Debug */,
				0F6CD8162811A39D00929319 /* Release */,
			);
			defaultConfigurationIsVisible = 0;
			defaultConfigurationName = Release;
		};
		0F6CD8172811A39D00929319 /* Build configuration list for PBXNativeTarget "MyGeekBrainStore" */ = {
			isa = XCConfigurationList;
			buildConfigurations = (
				0F6CD8182811A39D00929319 /* Debug */,
				0F6CD8192811A39D00929319 /* Release */,
			);
			defaultConfigurationIsVisible = 0;
			defaultConfigurationName = Release;
		};
		0F6CD81A2811A39D00929319 /* Build configuration list for PBXNativeTarget "MyGeekBrainStoreTests" */ = {
			isa = XCConfigurationList;
			buildConfigurations = (
				0F6CD81B2811A39D00929319 /* Debug */,
				0F6CD81C2811A39D00929319 /* Release */,
			);
			defaultConfigurationIsVisible = 0;
			defaultConfigurationName = Release;
		};
		0F6CD81D2811A39D00929319 /* Build configuration list for PBXNativeTarget "MyGeekBrainStoreUITests" */ = {
			isa = XCConfigurationList;
			buildConfigurations = (
				0F6CD81E2811A39D00929319 /* Debug */,
				0F6CD81F2811A39D00929319 /* Release */,
			);
			defaultConfigurationIsVisible = 0;
			defaultConfigurationName = Release;
		};
/* End XCConfigurationList section */
	};
	rootObject = 0F6CD7E52811A39C00929319 /* Project object */;
}
